<?xml version="1.0" encoding="utf-8"?>
<Project ToolsVersion="4.0" xmlns="http://schemas.microsoft.com/developer/msbuild/2003">
  <ItemGroup>
    <ClCompile Include="main.cpp" />
    <ClCompile Include="Renderer.cpp" />
    <ClCompile Include="App.cpp" />
    <ClCompile Include="Simulator.cpp" />
    <ClCompile Include="Solver.cpp" />
  </ItemGroup>
  <ItemGroup>
    <ClInclude Include="Renderer.h" />
    <ClInclude Include="App.h" />
    <ClInclude Include="ObjLoader.h" />
    <ClInclude Include="Simulator.h" />
    <ClInclude Include="Solver.h" />
    <ClInclude Include="EnergyFunction.h" />
    <ClInclude Include="Integrator.h" />
    <ClInclude Include="PerformanceCounter.h" />
    <ClInclude Include="..\GG\ConstantBuffer.hpp" />
    <ClInclude Include="..\GG\DescriptorHeap.h" />
    <ClInclude Include="..\GG\Geometry.h" />
    <ClInclude Include="..\GG\GPSO.h" />
    <ClInclude Include="..\GG\Tex2D.h" />
  </ItemGroup>
  <ItemGroup>
    <Filter Include="config">
      <UniqueIdentifier>{6faecbd6-b343-4bcf-bdc4-4e9f030827e3}</UniqueIdentifier>
    </Filter>
  </ItemGroup>
  <ItemGroup>
    <None Include="..\Media\configs\root.json">
      <Filter>config</Filter>
    </None>
  </ItemGroup>
</Project>