
Microsoft Visual Studio Solution File, Format Version 12.00
# Visual Studio Version 16
VisualStudioVersion = 16.0.30320.27
MinimumVisualStudioVersion = 10.0.40219.1
Project("{8BC9CEB8-8B4A-11D0-8D11-00A0C91BC942}") = "Egg", "Egg\Egg.vcxproj", "{C235BD63-6E30-4F13-A0FF-C5D5FCA38558}"
	ProjectSection(ProjectDependencies) = postProject
		{371B9FA9-4C90-4AC6-A123-ACED756D6C77} = {371B9FA9-4C90-4AC6-A123-ACED756D6C77}
	EndProjectSection
EndProject
Project("{2150E333-8FDC-42A3-9474-1A3956D46DE8}") = "Libs", "Libs", "{598886CE-8114-4CDD-98E8-6540BAD35D39}"
EndProject
Project("{8BC9CEB8-8B4A-11D0-8D11-00A0C91BC942}") = "DirectXTex", "Common\DirectXTex\DirectXTex\DirectXTex_Desktop_2019.vcxproj", "{371B9FA9-4C90-4AC6-A123-ACED756D6C77}"
EndProject
Project("{8BC9CEB8-8B4A-11D0-8D11-00A0C91BC942}") = "Application", "Application\Application.vcxproj", "{13402A66-F126-4492-A04F-0DFAB2B58B98}"
	ProjectSection(ProjectDependencies) = postProject
		{3E984C3E-59AD-4ED6-BE7B-776367B0303B} = {3E984C3E-59AD-4ED6-BE7B-776367B0303B}
		{C235BD63-6E30-4F13-A0FF-C5D5FCA38558} = {C235BD63-6E30-4F13-A0FF-C5D5FCA38558}
		{371B9FA9-4C90-4AC6-A123-ACED756D6C77} = {371B9FA9-4C90-4AC6-A123-ACED756D6C77}
	EndProjectSection
EndProject
Project("{8BC9CEB8-8B4A-11D0-8D11-00A0C91BC942}") = "imgui", "Common\imgui\imgui.vcxproj", "{3E984C3E-59AD-4ED6-BE7B-776367B0303B}"
EndProject
Global
	GlobalSection(SolutionConfigurationPlatforms) = preSolution
		Debug|x64 = Debug|x64
		Debug|x86 = Debug|x86
	EndGlobalSection
	GlobalSection(ProjectConfigurationPlatforms) = postSolution
		{C235BD63-6E30-4F13-A0FF-C5D5FCA38558}.Debug|x64.ActiveCfg = Debug|x64
		{C235BD63-6E30-4F13-A0FF-C5D5FCA38558}.Debug|x64.Build.0 = Debug|x64
		{C235BD63-6E30-4F13-A0FF-C5D5FCA38558}.Debug|x86.ActiveCfg = Debug|x64
		{371B9FA9-4C90-4AC6-A123-ACED756D6C77}.Debug|x64.ActiveCfg = Debug|x64
		{371B9FA9-4C90-4AC6-A123-ACED756D6C77}.Debug|x64.Build.0 = Debug|x64
		{371B9FA9-4C90-4AC6-A123-ACED756D6C77}.Debug|x86.ActiveCfg = Debug|x64
		{13402A66-F126-4492-A04F-0DFAB2B58B98}.Debug|x64.ActiveCfg = Debug|x64
		{13402A66-F126-4492-A04F-0DFAB2B58B98}.Debug|x64.Build.0 = Debug|x64
		{13402A66-F126-4492-A04F-0DFAB2B58B98}.Debug|x86.ActiveCfg = Debug|x64
		{3E984C3E-59AD-4ED6-BE7B-776367B0303B}.Debug|x64.ActiveCfg = Debug|x64
		{3E984C3E-59AD-4ED6-BE7B-776367B0303B}.Debug|x64.Build.0 = Debug|x64
		{3E984C3E-59AD-4ED6-BE7B-776367B0303B}.Debug|x86.ActiveCfg = Debug|x64
	EndGlobalSection
	GlobalSection(SolutionProperties) = preSolution
		HideSolutionNode = FALSE
	EndGlobalSection
	GlobalSection(NestedProjects) = preSolution
		{C235BD63-6E30-4F13-A0FF-C5D5FCA38558} = {598886CE-8114-4CDD-98E8-6540BAD35D39}
		{371B9FA9-4C90-4AC6-A123-ACED756D6C77} = {598886CE-8114-4CDD-98E8-6540BAD35D39}
		{3E984C3E-59AD-4ED6-BE7B-776367B0303B} = {598886CE-8114-4CDD-98E8-6540BAD35D39}
	EndGlobalSection
	GlobalSection(ExtensibilityGlobals) = postSolution
		SolutionGuid = {16532773-4B5F-4FE5-8837-C935F780926D}
	EndGlobalSection
EndGlobal
